
Microsoft Visual Studio Solution File, Format Version 12.00
Project("{FAE04EC0-301F-11D3-BF4B-00C04F79EFBC}") = "OverswitchConsoleTester", "OverswitchConsoleTester\OverswitchConsoleTester.csproj", "{BA1BA25B-1287-4BDC-A154-E252A2A108E1}"
EndProject
Project("{FAE04EC0-301F-11D3-BF4B-00C04F79EFBC}") = "Overswitch", "Overswitch\Overswitch.csproj", "{31FC88B0-1F96-4A36-BD32-649CA34F1E2F}"
EndProject
Global
	GlobalSection(SolutionConfigurationPlatforms) = preSolution
		Debug|Any CPU = Debug|Any CPU
		Release|Any CPU = Release|Any CPU
	EndGlobalSection
	GlobalSection(ProjectConfigurationPlatforms) = postSolution
		{BA1BA25B-1287-4BDC-A154-E252A2A108E1}.Debug|Any CPU.ActiveCfg = Debug|Any CPU
		{BA1BA25B-1287-4BDC-A154-E252A2A108E1}.Debug|Any CPU.Build.0 = Debug|Any CPU
		{BA1BA25B-1287-4BDC-A154-E252A2A108E1}.Release|Any CPU.ActiveCfg = Release|Any CPU
		{BA1BA25B-1287-4BDC-A154-E252A2A108E1}.Release|Any CPU.Build.0 = Release|Any CPU
		{31FC88B0-1F96-4A36-BD32-649CA34F1E2F}.Debug|Any CPU.ActiveCfg = Debug|Any CPU
		{31FC88B0-1F96-4A36-BD32-649CA34F1E2F}.Debug|Any CPU.Build.0 = Debug|Any CPU
		{31FC88B0-1F96-4A36-BD32-649CA34F1E2F}.Release|Any CPU.ActiveCfg = Release|Any CPU
		{31FC88B0-1F96-4A36-BD32-649CA34F1E2F}.Release|Any CPU.Build.0 = Release|Any CPU
	EndGlobalSection
EndGlobal
